
Microsoft Visual Studio Solution File, Format Version 12.00
# Visual Studio Version 16
VisualStudioVersion = 16.0.29102.190
MinimumVisualStudioVersion = 10.0.40219.1
Project("{FAE04EC0-301F-11D3-BF4B-00C04F79EFBC}") = "ExpenseManager", "ExpenseManager\ExpenseManager.csproj", "{D5F611BB-1A34-448F-A213-89CA7F430141}"
EndProject
Global
	GlobalSection(SolutionConfigurationPlatforms) = preSolution
		Debug|Any CPU = Debug|Any CPU
		Release|Any CPU = Release|Any CPU
	EndGlobalSection
	GlobalSection(ProjectConfigurationPlatforms) = postSolution
		{D5F611BB-1A34-448F-A213-89CA7F430141}.Debug|Any CPU.ActiveCfg = Debug|Any CPU
		{D5F611BB-1A34-448F-A213-89CA7F430141}.Debug|Any CPU.Build.0 = Debug|Any CPU
		{D5F611BB-1A34-448F-A213-89CA7F430141}.Release|Any CPU.ActiveCfg = Release|Any CPU
		{D5F611BB-1A34-448F-A213-89CA7F430141}.Release|Any CPU.Build.0 = Release|Any CPU
	EndGlobalSection
	GlobalSection(SolutionProperties) = preSolution
		HideSolutionNode = FALSE
	EndGlobalSection
	GlobalSection(ExtensibilityGlobals) = postSolution
		SolutionGuid = {23B5832C-1AD5-4855-80FD-BF7EF1F00600}
	EndGlobalSection
EndGlobal
